
Microsoft Visual Studio Solution File, Format Version 12.00
# Visual Studio Version 16
VisualStudioVersion = 16.0.31624.102
MinimumVisualStudioVersion = 10.0.40219.1
Project("{FAE04EC0-301F-11D3-BF4B-00C04F79EFBC}") = "IncomeManager", "IncomeManager\IncomeManager.csproj", "{8DC7175A-4202-407F-A4E9-EF079E83EA9C}"
EndProject
Project("{FAE04EC0-301F-11D3-BF4B-00C04F79EFBC}") = "BLL", "BLL\BLL.csproj", "{0A30BFDF-2704-4D26-B32E-5361B5DFE4D2}"
EndProject
Global
	GlobalSection(SolutionConfigurationPlatforms) = preSolution
		Debug|Any CPU = Debug|Any CPU
		Release|Any CPU = Release|Any CPU
	EndGlobalSection
	GlobalSection(ProjectConfigurationPlatforms) = postSolution
		{8DC7175A-4202-407F-A4E9-EF079E83EA9C}.Debug|Any CPU.ActiveCfg = Debug|Any CPU
		{8DC7175A-4202-407F-A4E9-EF079E83EA9C}.Debug|Any CPU.Build.0 = Debug|Any CPU
		{8DC7175A-4202-407F-A4E9-EF079E83EA9C}.Release|Any CPU.ActiveCfg = Release|Any CPU
		{8DC7175A-4202-407F-A4E9-EF079E83EA9C}.Release|Any CPU.Build.0 = Release|Any CPU
		{0A30BFDF-2704-4D26-B32E-5361B5DFE4D2}.Debug|Any CPU.ActiveCfg = Debug|Any CPU
		{0A30BFDF-2704-4D26-B32E-5361B5DFE4D2}.Debug|Any CPU.Build.0 = Debug|Any CPU
		{0A30BFDF-2704-4D26-B32E-5361B5DFE4D2}.Release|Any CPU.ActiveCfg = Release|Any CPU
		{0A30BFDF-2704-4D26-B32E-5361B5DFE4D2}.Release|Any CPU.Build.0 = Release|Any CPU
	EndGlobalSection
	GlobalSection(SolutionProperties) = preSolution
		HideSolutionNode = FALSE
	EndGlobalSection
	GlobalSection(ExtensibilityGlobals) = postSolution
		SolutionGuid = {57DFE5EE-4484-4AD5-9802-9C3DE0FB3BA8}
	EndGlobalSection
EndGlobal
